
Microsoft Visual Studio Solution File, Format Version 12.00
# Visual Studio Version 17
VisualStudioVersion = 17.11.35327.3
MinimumVisualStudioVersion = 10.0.40219.1
Project("{9A19103F-16F7-4668-BE54-9A1E7A4F7556}") = "Todos.Api", "Todos.Api.csproj", "{AB63D590-D2B6-49FF-BE62-C523DD27AD0C}"
EndProject
Global
	GlobalSection(SolutionConfigurationPlatforms) = preSolution
		Debug|Any CPU = Debug|Any CPU
		Release|Any CPU = Release|Any CPU
	EndGlobalSection
	GlobalSection(ProjectConfigurationPlatforms) = postSolution
		{AB63D590-D2B6-49FF-BE62-C523DD27AD0C}.Debug|Any CPU.ActiveCfg = Debug|Any CPU
		{AB63D590-D2B6-49FF-BE62-C523DD27AD0C}.Debug|Any CPU.Build.0 = Debug|Any CPU
		{AB63D590-D2B6-49FF-BE62-C523DD27AD0C}.Release|Any CPU.ActiveCfg = Release|Any CPU
		{AB63D590-D2B6-49FF-BE62-C523DD27AD0C}.Release|Any CPU.Build.0 = Release|Any CPU
	EndGlobalSection
	GlobalSection(SolutionProperties) = preSolution
		HideSolutionNode = FALSE
	EndGlobalSection
	GlobalSection(ExtensibilityGlobals) = postSolution
		SolutionGuid = {4D423985-F03E-4A1F-98B5-B9FD337EAFEE}
	EndGlobalSection
EndGlobal
